
Microsoft Visual Studio Solution File, Format Version 12.00
# Visual Studio Version 16
VisualStudioVersion = 16.0.31829.152
MinimumVisualStudioVersion = 10.0.40219.1
Project("{FAE04EC0-301F-11D3-BF4B-00C04F79EFBC}") = "İnsanKaynaklari", "İnsanKaynaklari\İnsanKaynaklari.csproj", "{0F68D376-B5EB-4A86-8203-CF814682C534}"
EndProject
Global
	GlobalSection(SolutionConfigurationPlatforms) = preSolution
		Debug|Any CPU = Debug|Any CPU
		Release|Any CPU = Release|Any CPU
	EndGlobalSection
	GlobalSection(ProjectConfigurationPlatforms) = postSolution
		{0F68D376-B5EB-4A86-8203-CF814682C534}.Debug|Any CPU.ActiveCfg = Debug|Any CPU
		{0F68D376-B5EB-4A86-8203-CF814682C534}.Debug|Any CPU.Build.0 = Debug|Any CPU
		{0F68D376-B5EB-4A86-8203-CF814682C534}.Release|Any CPU.ActiveCfg = Release|Any CPU
		{0F68D376-B5EB-4A86-8203-CF814682C534}.Release|Any CPU.Build.0 = Release|Any CPU
	EndGlobalSection
	GlobalSection(SolutionProperties) = preSolution
		HideSolutionNode = FALSE
	EndGlobalSection
	GlobalSection(ExtensibilityGlobals) = postSolution
		SolutionGuid = {916F2748-A4A4-4B2B-8716-CB3E9954118D}
	EndGlobalSection
EndGlobal
